
Microsoft Visual Studio Solution File, Format Version 12.00
# Visual Studio Version 17
VisualStudioVersion = 17.2.32516.85
MinimumVisualStudioVersion = 10.0.40219.1
Project("{FAE04EC0-301F-11D3-BF4B-00C04F79EFBC}") = "Arrays - Ejercicio 1", "Arrays - Ejercicio 1\Arrays - Ejercicio 1.csproj", "{B89CE7C0-56FE-4A9F-BAA8-313C765BBD38}"
EndProject
Global
	GlobalSection(SolutionConfigurationPlatforms) = preSolution
		Debug|Any CPU = Debug|Any CPU
		Release|Any CPU = Release|Any CPU
	EndGlobalSection
	GlobalSection(ProjectConfigurationPlatforms) = postSolution
		{B89CE7C0-56FE-4A9F-BAA8-313C765BBD38}.Debug|Any CPU.ActiveCfg = Debug|Any CPU
		{B89CE7C0-56FE-4A9F-BAA8-313C765BBD38}.Debug|Any CPU.Build.0 = Debug|Any CPU
		{B89CE7C0-56FE-4A9F-BAA8-313C765BBD38}.Release|Any CPU.ActiveCfg = Release|Any CPU
		{B89CE7C0-56FE-4A9F-BAA8-313C765BBD38}.Release|Any CPU.Build.0 = Release|Any CPU
	EndGlobalSection
	GlobalSection(SolutionProperties) = preSolution
		HideSolutionNode = FALSE
	EndGlobalSection
	GlobalSection(ExtensibilityGlobals) = postSolution
		SolutionGuid = {EA091F0B-D578-4059-80C0-0E111FAA4D1D}
	EndGlobalSection
EndGlobal
