
Microsoft Visual Studio Solution File, Format Version 12.00
# Visual Studio Version 17
VisualStudioVersion = 17.2.32516.85
MinimumVisualStudioVersion = 10.0.40219.1
Project("{FAE04EC0-301F-11D3-BF4B-00C04F79EFBC}") = "tarea-clase13-billetera", "tarea-clase13-billetera\tarea-clase13-billetera.csproj", "{26EB866C-18E2-4493-9843-191740402CBB}"
EndProject
Global
	GlobalSection(SolutionConfigurationPlatforms) = preSolution
		Debug|Any CPU = Debug|Any CPU
		Release|Any CPU = Release|Any CPU
	EndGlobalSection
	GlobalSection(ProjectConfigurationPlatforms) = postSolution
		{26EB866C-18E2-4493-9843-191740402CBB}.Debug|Any CPU.ActiveCfg = Debug|Any CPU
		{26EB866C-18E2-4493-9843-191740402CBB}.Debug|Any CPU.Build.0 = Debug|Any CPU
		{26EB866C-18E2-4493-9843-191740402CBB}.Release|Any CPU.ActiveCfg = Release|Any CPU
		{26EB866C-18E2-4493-9843-191740402CBB}.Release|Any CPU.Build.0 = Release|Any CPU
	EndGlobalSection
	GlobalSection(SolutionProperties) = preSolution
		HideSolutionNode = FALSE
	EndGlobalSection
	GlobalSection(ExtensibilityGlobals) = postSolution
		SolutionGuid = {29BF68F6-FD7B-46B5-9E07-AFFA69281F17}
	EndGlobalSection
EndGlobal
