
Microsoft Visual Studio Solution File, Format Version 12.00
# Visual Studio Version 17
VisualStudioVersion = 17.2.32516.85
MinimumVisualStudioVersion = 10.0.40219.1
Project("{FAE04EC0-301F-11D3-BF4B-00C04F79EFBC}") = "tarea-clase_09-ejercicio_1", "tarea-clase_09-ejercicio_1\tarea-clase_09-ejercicio_1.csproj", "{3216F7B9-ACDC-4C72-A086-509D8DC7BA6E}"
EndProject
Global
	GlobalSection(SolutionConfigurationPlatforms) = preSolution
		Debug|Any CPU = Debug|Any CPU
		Release|Any CPU = Release|Any CPU
	EndGlobalSection
	GlobalSection(ProjectConfigurationPlatforms) = postSolution
		{3216F7B9-ACDC-4C72-A086-509D8DC7BA6E}.Debug|Any CPU.ActiveCfg = Debug|Any CPU
		{3216F7B9-ACDC-4C72-A086-509D8DC7BA6E}.Debug|Any CPU.Build.0 = Debug|Any CPU
		{3216F7B9-ACDC-4C72-A086-509D8DC7BA6E}.Release|Any CPU.ActiveCfg = Release|Any CPU
		{3216F7B9-ACDC-4C72-A086-509D8DC7BA6E}.Release|Any CPU.Build.0 = Release|Any CPU
	EndGlobalSection
	GlobalSection(SolutionProperties) = preSolution
		HideSolutionNode = FALSE
	EndGlobalSection
	GlobalSection(ExtensibilityGlobals) = postSolution
		SolutionGuid = {FE5A70B6-3E01-4975-8F60-371EA7F11A46}
	EndGlobalSection
EndGlobal
