
Microsoft Visual Studio Solution File, Format Version 12.00
# Visual Studio Version 17
VisualStudioVersion = 17.1.32421.90
MinimumVisualStudioVersion = 10.0.40219.1
Project("{FAE04EC0-301F-11D3-BF4B-00C04F79EFBC}") = "tipoDatos", "tipoDatos\tipoDatos.csproj", "{39602828-9F04-4CFC-BCF6-0EC23D45280A}"
EndProject
Global
	GlobalSection(SolutionConfigurationPlatforms) = preSolution
		Debug|Any CPU = Debug|Any CPU
		Release|Any CPU = Release|Any CPU
	EndGlobalSection
	GlobalSection(ProjectConfigurationPlatforms) = postSolution
		{39602828-9F04-4CFC-BCF6-0EC23D45280A}.Debug|Any CPU.ActiveCfg = Debug|Any CPU
		{39602828-9F04-4CFC-BCF6-0EC23D45280A}.Debug|Any CPU.Build.0 = Debug|Any CPU
		{39602828-9F04-4CFC-BCF6-0EC23D45280A}.Release|Any CPU.ActiveCfg = Release|Any CPU
		{39602828-9F04-4CFC-BCF6-0EC23D45280A}.Release|Any CPU.Build.0 = Release|Any CPU
	EndGlobalSection
	GlobalSection(SolutionProperties) = preSolution
		HideSolutionNode = FALSE
	EndGlobalSection
	GlobalSection(ExtensibilityGlobals) = postSolution
		SolutionGuid = {629B6695-AABA-4D92-A435-73A6AE030936}
	EndGlobalSection
EndGlobal
