
Microsoft Visual Studio Solution File, Format Version 12.00
# Visual Studio Version 17
VisualStudioVersion = 17.1.32421.90
MinimumVisualStudioVersion = 10.0.40219.1
Project("{FAE04EC0-301F-11D3-BF4B-00C04F79EFBC}") = "ciclos while - do while", "ciclos while - do while\ciclos while - do while.csproj", "{7D0A8C8C-1629-4B7D-AD01-111240F96999}"
EndProject
Global
	GlobalSection(SolutionConfigurationPlatforms) = preSolution
		Debug|Any CPU = Debug|Any CPU
		Release|Any CPU = Release|Any CPU
	EndGlobalSection
	GlobalSection(ProjectConfigurationPlatforms) = postSolution
		{7D0A8C8C-1629-4B7D-AD01-111240F96999}.Debug|Any CPU.ActiveCfg = Debug|Any CPU
		{7D0A8C8C-1629-4B7D-AD01-111240F96999}.Debug|Any CPU.Build.0 = Debug|Any CPU
		{7D0A8C8C-1629-4B7D-AD01-111240F96999}.Release|Any CPU.ActiveCfg = Release|Any CPU
		{7D0A8C8C-1629-4B7D-AD01-111240F96999}.Release|Any CPU.Build.0 = Release|Any CPU
	EndGlobalSection
	GlobalSection(SolutionProperties) = preSolution
		HideSolutionNode = FALSE
	EndGlobalSection
	GlobalSection(ExtensibilityGlobals) = postSolution
		SolutionGuid = {D1AE02DF-6B4C-4688-B1CA-B5A079846D07}
	EndGlobalSection
EndGlobal
